
Microsoft Visual Studio Solution File, Format Version 12.00
# Visual Studio Version 17
VisualStudioVersion = 17.8.34316.72
MinimumVisualStudioVersion = 10.0.40219.1
Project("{FAE04EC0-301F-11D3-BF4B-00C04F79EFBC}") = "Aquaff", "Aquaff.csproj", "{F19E75F9-7B19-469D-B5AE-3F3B74BE38CE}"
EndProject
Global
	GlobalSection(SolutionConfigurationPlatforms) = preSolution
		Debug|Any CPU = Debug|Any CPU
		Release|Any CPU = Release|Any CPU
	EndGlobalSection
	GlobalSection(ProjectConfigurationPlatforms) = postSolution
		{F19E75F9-7B19-469D-B5AE-3F3B74BE38CE}.Debug|Any CPU.ActiveCfg = Debug|Any CPU
		{F19E75F9-7B19-469D-B5AE-3F3B74BE38CE}.Debug|Any CPU.Build.0 = Debug|Any CPU
		{F19E75F9-7B19-469D-B5AE-3F3B74BE38CE}.Release|Any CPU.ActiveCfg = Release|Any CPU
		{F19E75F9-7B19-469D-B5AE-3F3B74BE38CE}.Release|Any CPU.Build.0 = Release|Any CPU
	EndGlobalSection
	GlobalSection(SolutionProperties) = preSolution
		HideSolutionNode = FALSE
	EndGlobalSection
	GlobalSection(ExtensibilityGlobals) = postSolution
		SolutionGuid = {6CF9F82B-D995-4886-85A1-6C520DF97604}
	EndGlobalSection
EndGlobal
